
Microsoft Visual Studio Solution File, Format Version 12.00
# Visual Studio Version 16
VisualStudioVersion = 16.0.32929.386
MinimumVisualStudioVersion = 10.0.40219.1
Project("{FAE04EC0-301F-11D3-BF4B-00C04F79EFBC}") = "AuthApp", "AuthApp\AuthApp.csproj", "{BCF6F175-E78C-4B17-80BD-10CB3B30D266}"
EndProject
Project("{FAE04EC0-301F-11D3-BF4B-00C04F79EFBC}") = "Authentication.Test", "Authentication.Test\Authentication.Test.csproj", "{B90487E7-39EE-403A-A2EC-C4B58D4A2882}"
EndProject
Global
	GlobalSection(SolutionConfigurationPlatforms) = preSolution
		Debug|Any CPU = Debug|Any CPU
		Release|Any CPU = Release|Any CPU
	EndGlobalSection
	GlobalSection(ProjectConfigurationPlatforms) = postSolution
		{BCF6F175-E78C-4B17-80BD-10CB3B30D266}.Debug|Any CPU.ActiveCfg = Debug|Any CPU
		{BCF6F175-E78C-4B17-80BD-10CB3B30D266}.Debug|Any CPU.Build.0 = Debug|Any CPU
		{BCF6F175-E78C-4B17-80BD-10CB3B30D266}.Release|Any CPU.ActiveCfg = Release|Any CPU
		{BCF6F175-E78C-4B17-80BD-10CB3B30D266}.Release|Any CPU.Build.0 = Release|Any CPU
		{B90487E7-39EE-403A-A2EC-C4B58D4A2882}.Debug|Any CPU.ActiveCfg = Debug|Any CPU
		{B90487E7-39EE-403A-A2EC-C4B58D4A2882}.Debug|Any CPU.Build.0 = Debug|Any CPU
		{B90487E7-39EE-403A-A2EC-C4B58D4A2882}.Release|Any CPU.ActiveCfg = Release|Any CPU
		{B90487E7-39EE-403A-A2EC-C4B58D4A2882}.Release|Any CPU.Build.0 = Release|Any CPU
	EndGlobalSection
	GlobalSection(SolutionProperties) = preSolution
		HideSolutionNode = FALSE
	EndGlobalSection
	GlobalSection(ExtensibilityGlobals) = postSolution
		SolutionGuid = {97217930-7088-4737-8DF9-944C44846BA5}
	EndGlobalSection
EndGlobal
